
Microsoft Visual Studio Solution File, Format Version 11.00
# Visual C# Express 2010
Project("{FAE04EC0-301F-11D3-BF4B-00C04F79EFBC}") = "Superhans UI", "Superhans UI\Superhans UI.csproj", "{CC8DD1A0-2EA6-4900-82A6-A055258AD9AC}"
EndProject
Global
	GlobalSection(SolutionConfigurationPlatforms) = preSolution
		Debug|x86 = Debug|x86
		Release|x86 = Release|x86
	EndGlobalSection
	GlobalSection(ProjectConfigurationPlatforms) = postSolution
		{CC8DD1A0-2EA6-4900-82A6-A055258AD9AC}.Debug|x86.ActiveCfg = Debug|x86
		{CC8DD1A0-2EA6-4900-82A6-A055258AD9AC}.Debug|x86.Build.0 = Debug|x86
		{CC8DD1A0-2EA6-4900-82A6-A055258AD9AC}.Release|x86.ActiveCfg = Release|x86
		{CC8DD1A0-2EA6-4900-82A6-A055258AD9AC}.Release|x86.Build.0 = Release|x86
	EndGlobalSection
	GlobalSection(SolutionProperties) = preSolution
		HideSolutionNode = FALSE
	EndGlobalSection
EndGlobal
